
Microsoft Visual Studio Solution File, Format Version 12.00
# Visual Studio 15
VisualStudioVersion = 15.0.26206.0
MinimumVisualStudioVersion = 10.0.40219.1
Project("{FAE04EC0-301F-11D3-BF4B-00C04F79EFBC}") = "Chatterino", "Chatterino\Chatterino.csproj", "{866998E7-3AA7-4D82-B392-C1BFF18E19F8}"
EndProject
Project("{FAE04EC0-301F-11D3-BF4B-00C04F79EFBC}") = "Chatterino.Common", "Chatterino.Common\Chatterino.Common.csproj", "{D6032F9B-B3AD-4D1A-942A-ACD06EA16A4A}"
EndProject
Project("{FAE04EC0-301F-11D3-BF4B-00C04F79EFBC}") = "Chatterino.Mobile.Droid", "Chatterino.Mobile\Chatterino.Mobile.Droid\Chatterino.Mobile.Droid.csproj", "{C376675C-39A9-48DB-AAA4-DFA8B2F33CA9}"
EndProject
Project("{FAE04EC0-301F-11D3-BF4B-00C04F79EFBC}") = "Chatterino.Mobile.iOS", "Chatterino.Mobile\Chatterino.Mobile.iOS\Chatterino.Mobile.iOS.csproj", "{995F4BAC-5C26-4767-BCF7-EA169D293215}"
EndProject
Project("{FAE04EC0-301F-11D3-BF4B-00C04F79EFBC}") = "Chatterino.Mobile.Windows", "Chatterino.Mobile\Chatterino.Mobile.Windows\Chatterino.Mobile.Windows.csproj", "{4A9F9054-D7E9-4349-BEE2-50CA29EEF3EB}"
EndProject
Project("{FAE04EC0-301F-11D3-BF4B-00C04F79EFBC}") = "Chatterino.Updater", "Chatterino.Updater\Chatterino.Updater.csproj", "{4DD2B816-022E-4B0E-9DA6-34A731EA77FF}"
EndProject
Project("{FAE04EC0-301F-11D3-BF4B-00C04F79EFBC}") = "TwitchIrc", "TwitchIrc\TwitchIrc.csproj", "{8B6E613B-FB33-4B7C-AC28-7E4385E6BF64}"
EndProject
Project("{FAE04EC0-301F-11D3-BF4B-00C04F79EFBC}") = "Chatterino.Gtk", "Chatterino.Gtk\Chatterino.Gtk.csproj", "{82FCB3F6-0098-4F41-8E1A-0BF209CCCC5F}"
EndProject
Global
	GlobalSection(SolutionConfigurationPlatforms) = preSolution
		Ad-Hoc|Any CPU = Ad-Hoc|Any CPU
		Ad-Hoc|ARM = Ad-Hoc|ARM
		Ad-Hoc|iPhone = Ad-Hoc|iPhone
		Ad-Hoc|iPhoneSimulator = Ad-Hoc|iPhoneSimulator
		Ad-Hoc|x64 = Ad-Hoc|x64
		Ad-Hoc|x86 = Ad-Hoc|x86
		AppStore|Any CPU = AppStore|Any CPU
		AppStore|ARM = AppStore|ARM
		AppStore|iPhone = AppStore|iPhone
		AppStore|iPhoneSimulator = AppStore|iPhoneSimulator
		AppStore|x64 = AppStore|x64
		AppStore|x86 = AppStore|x86
		Debug|Any CPU = Debug|Any CPU
		Debug|ARM = Debug|ARM
		Debug|iPhone = Debug|iPhone
		Debug|iPhoneSimulator = Debug|iPhoneSimulator
		Debug|x64 = Debug|x64
		Debug|x86 = Debug|x86
		Release|Any CPU = Release|Any CPU
		Release|ARM = Release|ARM
		Release|iPhone = Release|iPhone
		Release|iPhoneSimulator = Release|iPhoneSimulator
		Release|x64 = Release|x64
		Release|x86 = Release|x86
	EndGlobalSection
	GlobalSection(ProjectConfigurationPlatforms) = postSolution
		{866998E7-3AA7-4D82-B392-C1BFF18E19F8}.Ad-Hoc|Any CPU.ActiveCfg = Release|Any CPU
		{866998E7-3AA7-4D82-B392-C1BFF18E19F8}.Ad-Hoc|Any CPU.Build.0 = Release|Any CPU
		{866998E7-3AA7-4D82-B392-C1BFF18E19F8}.Ad-Hoc|ARM.ActiveCfg = Release|Any CPU
		{866998E7-3AA7-4D82-B392-C1BFF18E19F8}.Ad-Hoc|ARM.Build.0 = Release|Any CPU
		{866998E7-3AA7-4D82-B392-C1BFF18E19F8}.Ad-Hoc|iPhone.ActiveCfg = Release|Any CPU
		{866998E7-3AA7-4D82-B392-C1BFF18E19F8}.Ad-Hoc|iPhone.Build.0 = Release|Any CPU
		{866998E7-3AA7-4D82-B392-C1BFF18E19F8}.Ad-Hoc|iPhoneSimulator.ActiveCfg = Release|Any CPU
		{866998E7-3AA7-4D82-B392-C1BFF18E19F8}.Ad-Hoc|iPhoneSimulator.Build.0 = Release|Any CPU
		{866998E7-3AA7-4D82-B392-C1BFF18E19F8}.Ad-Hoc|x64.ActiveCfg = Release|Any CPU
		{866998E7-3AA7-4D82-B392-C1BFF18E19F8}.Ad-Hoc|x64.Build.0 = Release|Any CPU
		{866998E7-3AA7-4D82-B392-C1BFF18E19F8}.Ad-Hoc|x86.ActiveCfg = Release|Any CPU
		{866998E7-3AA7-4D82-B392-C1BFF18E19F8}.Ad-Hoc|x86.Build.0 = Release|Any CPU
		{866998E7-3AA7-4D82-B392-C1BFF18E19F8}.AppStore|Any CPU.ActiveCfg = Release|Any CPU
		{866998E7-3AA7-4D82-B392-C1BFF18E19F8}.AppStore|Any CPU.Build.0 = Release|Any CPU
		{866998E7-3AA7-4D82-B392-C1BFF18E19F8}.AppStore|ARM.ActiveCfg = Release|Any CPU
		{866998E7-3AA7-4D82-B392-C1BFF18E19F8}.AppStore|ARM.Build.0 = Release|Any CPU
		{866998E7-3AA7-4D82-B392-C1BFF18E19F8}.AppStore|iPhone.ActiveCfg = Release|Any CPU
		{866998E7-3AA7-4D82-B392-C1BFF18E19F8}.AppStore|iPhone.Build.0 = Release|Any CPU
		{866998E7-3AA7-4D82-B392-C1BFF18E19F8}.AppStore|iPhoneSimulator.ActiveCfg = Release|Any CPU
		{866998E7-3AA7-4D82-B392-C1BFF18E19F8}.AppStore|iPhoneSimulator.Build.0 = Release|Any CPU
		{866998E7-3AA7-4D82-B392-C1BFF18E19F8}.AppStore|x64.ActiveCfg = Release|Any CPU
		{866998E7-3AA7-4D82-B392-C1BFF18E19F8}.AppStore|x64.Build.0 = Release|Any CPU
		{866998E7-3AA7-4D82-B392-C1BFF18E19F8}.AppStore|x86.ActiveCfg = Release|Any CPU
		{866998E7-3AA7-4D82-B392-C1BFF18E19F8}.AppStore|x86.Build.0 = Release|Any CPU
		{866998E7-3AA7-4D82-B392-C1BFF18E19F8}.Debug|Any CPU.ActiveCfg = Debug|Any CPU
		{866998E7-3AA7-4D82-B392-C1BFF18E19F8}.Debug|Any CPU.Build.0 = Debug|Any CPU
		{866998E7-3AA7-4D82-B392-C1BFF18E19F8}.Debug|ARM.ActiveCfg = Debug|Any CPU
		{866998E7-3AA7-4D82-B392-C1BFF18E19F8}.Debug|ARM.Build.0 = Debug|Any CPU
		{866998E7-3AA7-4D82-B392-C1BFF18E19F8}.Debug|iPhone.ActiveCfg = Debug|Any CPU
		{866998E7-3AA7-4D82-B392-C1BFF18E19F8}.Debug|iPhone.Build.0 = Debug|Any CPU
		{866998E7-3AA7-4D82-B392-C1BFF18E19F8}.Debug|iPhoneSimulator.ActiveCfg = Debug|Any CPU
		{866998E7-3AA7-4D82-B392-C1BFF18E19F8}.Debug|iPhoneSimulator.Build.0 = Debug|Any CPU
		{866998E7-3AA7-4D82-B392-C1BFF18E19F8}.Debug|x64.ActiveCfg = Debug|Any CPU
		{866998E7-3AA7-4D82-B392-C1BFF18E19F8}.Debug|x64.Build.0 = Debug|Any CPU
		{866998E7-3AA7-4D82-B392-C1BFF18E19F8}.Debug|x86.ActiveCfg = Debug|Any CPU
		{866998E7-3AA7-4D82-B392-C1BFF18E19F8}.Debug|x86.Build.0 = Debug|Any CPU
		{866998E7-3AA7-4D82-B392-C1BFF18E19F8}.Release|Any CPU.ActiveCfg = Release|Any CPU
		{866998E7-3AA7-4D82-B392-C1BFF18E19F8}.Release|Any CPU.Build.0 = Release|Any CPU
		{866998E7-3AA7-4D82-B392-C1BFF18E19F8}.Release|ARM.ActiveCfg = Release|Any CPU
		{866998E7-3AA7-4D82-B392-C1BFF18E19F8}.Release|ARM.Build.0 = Release|Any CPU
		{866998E7-3AA7-4D82-B392-C1BFF18E19F8}.Release|iPhone.ActiveCfg = Release|Any CPU
		{866998E7-3AA7-4D82-B392-C1BFF18E19F8}.Release|iPhone.Build.0 = Release|Any CPU
		{866998E7-3AA7-4D82-B392-C1BFF18E19F8}.Release|iPhoneSimulator.ActiveCfg = Release|Any CPU
		{866998E7-3AA7-4D82-B392-C1BFF18E19F8}.Release|iPhoneSimulator.Build.0 = Release|Any CPU
		{866998E7-3AA7-4D82-B392-C1BFF18E19F8}.Release|x64.ActiveCfg = Release|Any CPU
		{866998E7-3AA7-4D82-B392-C1BFF18E19F8}.Release|x64.Build.0 = Release|Any CPU
		{866998E7-3AA7-4D82-B392-C1BFF18E19F8}.Release|x86.ActiveCfg = Release|Any CPU
		{866998E7-3AA7-4D82-B392-C1BFF18E19F8}.Release|x86.Build.0 = Release|Any CPU
		{D6032F9B-B3AD-4D1A-942A-ACD06EA16A4A}.Ad-Hoc|Any CPU.ActiveCfg = Release|Any CPU
		{D6032F9B-B3AD-4D1A-942A-ACD06EA16A4A}.Ad-Hoc|Any CPU.Build.0 = Release|Any CPU
		{D6032F9B-B3AD-4D1A-942A-ACD06EA16A4A}.Ad-Hoc|ARM.ActiveCfg = Release|Any CPU
		{D6032F9B-B3AD-4D1A-942A-ACD06EA16A4A}.Ad-Hoc|ARM.Build.0 = Release|Any CPU
		{D6032F9B-B3AD-4D1A-942A-ACD06EA16A4A}.Ad-Hoc|iPhone.ActiveCfg = Release|Any CPU
		{D6032F9B-B3AD-4D1A-942A-ACD06EA16A4A}.Ad-Hoc|iPhone.Build.0 = Release|Any CPU
		{D6032F9B-B3AD-4D1A-942A-ACD06EA16A4A}.Ad-Hoc|iPhoneSimulator.ActiveCfg = Release|Any CPU
		{D6032F9B-B3AD-4D1A-942A-ACD06EA16A4A}.Ad-Hoc|iPhoneSimulator.Build.0 = Release|Any CPU
		{D6032F9B-B3AD-4D1A-942A-ACD06EA16A4A}.Ad-Hoc|x64.ActiveCfg = Release|Any CPU
		{D6032F9B-B3AD-4D1A-942A-ACD06EA16A4A}.Ad-Hoc|x64.Build.0 = Release|Any CPU
		{D6032F9B-B3AD-4D1A-942A-ACD06EA16A4A}.Ad-Hoc|x86.ActiveCfg = Release|Any CPU
		{D6032F9B-B3AD-4D1A-942A-ACD06EA16A4A}.Ad-Hoc|x86.Build.0 = Release|Any CPU
		{D6032F9B-B3AD-4D1A-942A-ACD06EA16A4A}.AppStore|Any CPU.ActiveCfg = Release|Any CPU
		{D6032F9B-B3AD-4D1A-942A-ACD06EA16A4A}.AppStore|Any CPU.Build.0 = Release|Any CPU
		{D6032F9B-B3AD-4D1A-942A-ACD06EA16A4A}.AppStore|ARM.ActiveCfg = Release|Any CPU
		{D6032F9B-B3AD-4D1A-942A-ACD06EA16A4A}.AppStore|ARM.Build.0 = Release|Any CPU
		{D6032F9B-B3AD-4D1A-942A-ACD06EA16A4A}.AppStore|iPhone.ActiveCfg = Release|Any CPU
		{D6032F9B-B3AD-4D1A-942A-ACD06EA16A4A}.AppStore|iPhone.Build.0 = Release|Any CPU
		{D6032F9B-B3AD-4D1A-942A-ACD06EA16A4A}.AppStore|iPhoneSimulator.ActiveCfg = Release|Any CPU
		{D6032F9B-B3AD-4D1A-942A-ACD06EA16A4A}.AppStore|iPhoneSimulator.Build.0 = Release|Any CPU
		{D6032F9B-B3AD-4D1A-942A-ACD06EA16A4A}.AppStore|x64.ActiveCfg = Release|Any CPU
		{D6032F9B-B3AD-4D1A-942A-ACD06EA16A4A}.AppStore|x64.Build.0 = Release|Any CPU
		{D6032F9B-B3AD-4D1A-942A-ACD06EA16A4A}.AppStore|x86.ActiveCfg = Release|Any CPU
		{D6032F9B-B3AD-4D1A-942A-ACD06EA16A4A}.AppStore|x86.Build.0 = Release|Any CPU
		{D6032F9B-B3AD-4D1A-942A-ACD06EA16A4A}.Debug|Any CPU.ActiveCfg = Debug|Any CPU
		{D6032F9B-B3AD-4D1A-942A-ACD06EA16A4A}.Debug|Any CPU.Build.0 = Debug|Any CPU
		{D6032F9B-B3AD-4D1A-942A-ACD06EA16A4A}.Debug|ARM.ActiveCfg = Debug|Any CPU
		{D6032F9B-B3AD-4D1A-942A-ACD06EA16A4A}.Debug|ARM.Build.0 = Debug|Any CPU
		{D6032F9B-B3AD-4D1A-942A-ACD06EA16A4A}.Debug|iPhone.ActiveCfg = Debug|Any CPU
		{D6032F9B-B3AD-4D1A-942A-ACD06EA16A4A}.Debug|iPhone.Build.0 = Debug|Any CPU
		{D6032F9B-B3AD-4D1A-942A-ACD06EA16A4A}.Debug|iPhoneSimulator.ActiveCfg = Debug|Any CPU
		{D6032F9B-B3AD-4D1A-942A-ACD06EA16A4A}.Debug|iPhoneSimulator.Build.0 = Debug|Any CPU
		{D6032F9B-B3AD-4D1A-942A-ACD06EA16A4A}.Debug|x64.ActiveCfg = Debug|Any CPU
		{D6032F9B-B3AD-4D1A-942A-ACD06EA16A4A}.Debug|x64.Build.0 = Debug|Any CPU
		{D6032F9B-B3AD-4D1A-942A-ACD06EA16A4A}.Debug|x86.ActiveCfg = Debug|Any CPU
		{D6032F9B-B3AD-4D1A-942A-ACD06EA16A4A}.Debug|x86.Build.0 = Debug|Any CPU
		{D6032F9B-B3AD-4D1A-942A-ACD06EA16A4A}.Release|Any CPU.ActiveCfg = Release|Any CPU
		{D6032F9B-B3AD-4D1A-942A-ACD06EA16A4A}.Release|Any CPU.Build.0 = Release|Any CPU
		{D6032F9B-B3AD-4D1A-942A-ACD06EA16A4A}.Release|ARM.ActiveCfg = Release|Any CPU
		{D6032F9B-B3AD-4D1A-942A-ACD06EA16A4A}.Release|ARM.Build.0 = Release|Any CPU
		{D6032F9B-B3AD-4D1A-942A-ACD06EA16A4A}.Release|iPhone.ActiveCfg = Release|Any CPU
		{D6032F9B-B3AD-4D1A-942A-ACD06EA16A4A}.Release|iPhone.Build.0 = Release|Any CPU
		{D6032F9B-B3AD-4D1A-942A-ACD06EA16A4A}.Release|iPhoneSimulator.ActiveCfg = Release|Any CPU
		{D6032F9B-B3AD-4D1A-942A-ACD06EA16A4A}.Release|iPhoneSimulator.Build.0 = Release|Any CPU
		{D6032F9B-B3AD-4D1A-942A-ACD06EA16A4A}.Release|x64.ActiveCfg = Release|Any CPU
		{D6032F9B-B3AD-4D1A-942A-ACD06EA16A4A}.Release|x64.Build.0 = Release|Any CPU
		{D6032F9B-B3AD-4D1A-942A-ACD06EA16A4A}.Release|x86.ActiveCfg = Release|Any CPU
		{D6032F9B-B3AD-4D1A-942A-ACD06EA16A4A}.Release|x86.Build.0 = Release|Any CPU
		{C376675C-39A9-48DB-AAA4-DFA8B2F33CA9}.Ad-Hoc|Any CPU.ActiveCfg = Release|Any CPU
		{C376675C-39A9-48DB-AAA4-DFA8B2F33CA9}.Ad-Hoc|Any CPU.Build.0 = Release|Any CPU
		{C376675C-39A9-48DB-AAA4-DFA8B2F33CA9}.Ad-Hoc|Any CPU.Deploy.0 = Release|Any CPU
		{C376675C-39A9-48DB-AAA4-DFA8B2F33CA9}.Ad-Hoc|ARM.ActiveCfg = Release|Any CPU
		{C376675C-39A9-48DB-AAA4-DFA8B2F33CA9}.Ad-Hoc|ARM.Build.0 = Release|Any CPU
		{C376675C-39A9-48DB-AAA4-DFA8B2F33CA9}.Ad-Hoc|ARM.Deploy.0 = Release|Any CPU
		{C376675C-39A9-48DB-AAA4-DFA8B2F33CA9}.Ad-Hoc|iPhone.ActiveCfg = Release|Any CPU
		{C376675C-39A9-48DB-AAA4-DFA8B2F33CA9}.Ad-Hoc|iPhone.Build.0 = Release|Any CPU
		{C376675C-39A9-48DB-AAA4-DFA8B2F33CA9}.Ad-Hoc|iPhone.Deploy.0 = Release|Any CPU
		{C376675C-39A9-48DB-AAA4-DFA8B2F33CA9}.Ad-Hoc|iPhoneSimulator.ActiveCfg = Release|Any CPU
		{C376675C-39A9-48DB-AAA4-DFA8B2F33CA9}.Ad-Hoc|iPhoneSimulator.Build.0 = Release|Any CPU
		{C376675C-39A9-48DB-AAA4-DFA8B2F33CA9}.Ad-Hoc|iPhoneSimulator.Deploy.0 = Release|Any CPU
		{C376675C-39A9-48DB-AAA4-DFA8B2F33CA9}.Ad-Hoc|x64.ActiveCfg = Release|Any CPU
		{C376675C-39A9-48DB-AAA4-DFA8B2F33CA9}.Ad-Hoc|x64.Build.0 = Release|Any CPU
		{C376675C-39A9-48DB-AAA4-DFA8B2F33CA9}.Ad-Hoc|x64.Deploy.0 = Release|Any CPU
		{C376675C-39A9-48DB-AAA4-DFA8B2F33CA9}.Ad-Hoc|x86.ActiveCfg = Release|Any CPU
		{C376675C-39A9-48DB-AAA4-DFA8B2F33CA9}.Ad-Hoc|x86.Build.0 = Release|Any CPU
		{C376675C-39A9-48DB-AAA4-DFA8B2F33CA9}.Ad-Hoc|x86.Deploy.0 = Release|Any CPU
		{C376675C-39A9-48DB-AAA4-DFA8B2F33CA9}.AppStore|Any CPU.ActiveCfg = Release|Any CPU
		{C376675C-39A9-48DB-AAA4-DFA8B2F33CA9}.AppStore|Any CPU.Build.0 = Release|Any CPU
		{C376675C-39A9-48DB-AAA4-DFA8B2F33CA9}.AppStore|Any CPU.Deploy.0 = Release|Any CPU
		{C376675C-39A9-48DB-AAA4-DFA8B2F33CA9}.AppStore|ARM.ActiveCfg = Release|Any CPU
		{C376675C-39A9-48DB-AAA4-DFA8B2F33CA9}.AppStore|ARM.Build.0 = Release|Any CPU
		{C376675C-39A9-48DB-AAA4-DFA8B2F33CA9}.AppStore|ARM.Deploy.0 = Release|Any CPU
		{C376675C-39A9-48DB-AAA4-DFA8B2F33CA9}.AppStore|iPhone.ActiveCfg = Release|Any CPU
		{C376675C-39A9-48DB-AAA4-DFA8B2F33CA9}.AppStore|iPhone.Build.0 = Release|Any CPU
		{C376675C-39A9-48DB-AAA4-DFA8B2F33CA9}.AppStore|iPhone.Deploy.0 = Release|Any CPU
		{C376675C-39A9-48DB-AAA4-DFA8B2F33CA9}.AppStore|iPhoneSimulator.ActiveCfg = Release|Any CPU
		{C376675C-39A9-48DB-AAA4-DFA8B2F33CA9}.AppStore|iPhoneSimulator.Build.0 = Release|Any CPU
		{C376675C-39A9-48DB-AAA4-DFA8B2F33CA9}.AppStore|iPhoneSimulator.Deploy.0 = Release|Any CPU
		{C376675C-39A9-48DB-AAA4-DFA8B2F33CA9}.AppStore|x64.ActiveCfg = Release|Any CPU
		{C376675C-39A9-48DB-AAA4-DFA8B2F33CA9}.AppStore|x64.Build.0 = Release|Any CPU
		{C376675C-39A9-48DB-AAA4-DFA8B2F33CA9}.AppStore|x64.Deploy.0 = Release|Any CPU
		{C376675C-39A9-48DB-AAA4-DFA8B2F33CA9}.AppStore|x86.ActiveCfg = Release|Any CPU
		{C376675C-39A9-48DB-AAA4-DFA8B2F33CA9}.AppStore|x86.Build.0 = Release|Any CPU
		{C376675C-39A9-48DB-AAA4-DFA8B2F33CA9}.AppStore|x86.Deploy.0 = Release|Any CPU
		{C376675C-39A9-48DB-AAA4-DFA8B2F33CA9}.Debug|Any CPU.ActiveCfg = Debug|Any CPU
		{C376675C-39A9-48DB-AAA4-DFA8B2F33CA9}.Debug|Any CPU.Build.0 = Debug|Any CPU
		{C376675C-39A9-48DB-AAA4-DFA8B2F33CA9}.Debug|Any CPU.Deploy.0 = Debug|Any CPU
		{C376675C-39A9-48DB-AAA4-DFA8B2F33CA9}.Debug|ARM.ActiveCfg = Debug|Any CPU
		{C376675C-39A9-48DB-AAA4-DFA8B2F33CA9}.Debug|ARM.Build.0 = Debug|Any CPU
		{C376675C-39A9-48DB-AAA4-DFA8B2F33CA9}.Debug|ARM.Deploy.0 = Debug|Any CPU
		{C376675C-39A9-48DB-AAA4-DFA8B2F33CA9}.Debug|iPhone.ActiveCfg = Debug|Any CPU
		{C376675C-39A9-48DB-AAA4-DFA8B2F33CA9}.Debug|iPhone.Build.0 = Debug|Any CPU
		{C376675C-39A9-48DB-AAA4-DFA8B2F33CA9}.Debug|iPhone.Deploy.0 = Debug|Any CPU
		{C376675C-39A9-48DB-AAA4-DFA8B2F33CA9}.Debug|iPhoneSimulator.ActiveCfg = Debug|Any CPU
		{C376675C-39A9-48DB-AAA4-DFA8B2F33CA9}.Debug|iPhoneSimulator.Build.0 = Debug|Any CPU
		{C376675C-39A9-48DB-AAA4-DFA8B2F33CA9}.Debug|iPhoneSimulator.Deploy.0 = Debug|Any CPU
		{C376675C-39A9-48DB-AAA4-DFA8B2F33CA9}.Debug|x64.ActiveCfg = Debug|Any CPU
		{C376675C-39A9-48DB-AAA4-DFA8B2F33CA9}.Debug|x64.Build.0 = Debug|Any CPU
		{C376675C-39A9-48DB-AAA4-DFA8B2F33CA9}.Debug|x64.Deploy.0 = Debug|Any CPU
		{C376675C-39A9-48DB-AAA4-DFA8B2F33CA9}.Debug|x86.ActiveCfg = Debug|Any CPU
		{C376675C-39A9-48DB-AAA4-DFA8B2F33CA9}.Debug|x86.Build.0 = Debug|Any CPU
		{C376675C-39A9-48DB-AAA4-DFA8B2F33CA9}.Debug|x86.Deploy.0 = Debug|Any CPU
		{C376675C-39A9-48DB-AAA4-DFA8B2F33CA9}.Release|Any CPU.ActiveCfg = Release|Any CPU
		{C376675C-39A9-48DB-AAA4-DFA8B2F33CA9}.Release|Any CPU.Build.0 = Release|Any CPU
		{C376675C-39A9-48DB-AAA4-DFA8B2F33CA9}.Release|Any CPU.Deploy.0 = Release|Any CPU
		{C376675C-39A9-48DB-AAA4-DFA8B2F33CA9}.Release|ARM.ActiveCfg = Release|Any CPU
		{C376675C-39A9-48DB-AAA4-DFA8B2F33CA9}.Release|ARM.Build.0 = Release|Any CPU
		{C376675C-39A9-48DB-AAA4-DFA8B2F33CA9}.Release|ARM.Deploy.0 = Release|Any CPU
		{C376675C-39A9-48DB-AAA4-DFA8B2F33CA9}.Release|iPhone.ActiveCfg = Release|Any CPU
		{C376675C-39A9-48DB-AAA4-DFA8B2F33CA9}.Release|iPhone.Build.0 = Release|Any CPU
		{C376675C-39A9-48DB-AAA4-DFA8B2F33CA9}.Release|iPhone.Deploy.0 = Release|Any CPU
		{C376675C-39A9-48DB-AAA4-DFA8B2F33CA9}.Release|iPhoneSimulator.ActiveCfg = Release|Any CPU
		{C376675C-39A9-48DB-AAA4-DFA8B2F33CA9}.Release|iPhoneSimulator.Build.0 = Release|Any CPU
		{C376675C-39A9-48DB-AAA4-DFA8B2F33CA9}.Release|iPhoneSimulator.Deploy.0 = Release|Any CPU
		{C376675C-39A9-48DB-AAA4-DFA8B2F33CA9}.Release|x64.ActiveCfg = Release|Any CPU
		{C376675C-39A9-48DB-AAA4-DFA8B2F33CA9}.Release|x64.Build.0 = Release|Any CPU
		{C376675C-39A9-48DB-AAA4-DFA8B2F33CA9}.Release|x64.Deploy.0 = Release|Any CPU
		{C376675C-39A9-48DB-AAA4-DFA8B2F33CA9}.Release|x86.ActiveCfg = Release|Any CPU
		{C376675C-39A9-48DB-AAA4-DFA8B2F33CA9}.Release|x86.Build.0 = Release|Any CPU
		{C376675C-39A9-48DB-AAA4-DFA8B2F33CA9}.Release|x86.Deploy.0 = Release|Any CPU
		{995F4BAC-5C26-4767-BCF7-EA169D293215}.Ad-Hoc|Any CPU.ActiveCfg = Ad-Hoc|iPhone
		{995F4BAC-5C26-4767-BCF7-EA169D293215}.Ad-Hoc|ARM.ActiveCfg = Ad-Hoc|iPhone
		{995F4BAC-5C26-4767-BCF7-EA169D293215}.Ad-Hoc|iPhone.ActiveCfg = Ad-Hoc|iPhone
		{995F4BAC-5C26-4767-BCF7-EA169D293215}.Ad-Hoc|iPhone.Build.0 = Ad-Hoc|iPhone
		{995F4BAC-5C26-4767-BCF7-EA169D293215}.Ad-Hoc|iPhoneSimulator.ActiveCfg = Ad-Hoc|iPhoneSimulator
		{995F4BAC-5C26-4767-BCF7-EA169D293215}.Ad-Hoc|iPhoneSimulator.Build.0 = Ad-Hoc|iPhoneSimulator
		{995F4BAC-5C26-4767-BCF7-EA169D293215}.Ad-Hoc|x64.ActiveCfg = Ad-Hoc|iPhone
		{995F4BAC-5C26-4767-BCF7-EA169D293215}.Ad-Hoc|x86.ActiveCfg = Ad-Hoc|iPhone
		{995F4BAC-5C26-4767-BCF7-EA169D293215}.AppStore|Any CPU.ActiveCfg = AppStore|iPhone
		{995F4BAC-5C26-4767-BCF7-EA169D293215}.AppStore|ARM.ActiveCfg = AppStore|iPhone
		{995F4BAC-5C26-4767-BCF7-EA169D293215}.AppStore|iPhone.ActiveCfg = AppStore|iPhone
		{995F4BAC-5C26-4767-BCF7-EA169D293215}.AppStore|iPhone.Build.0 = AppStore|iPhone
		{995F4BAC-5C26-4767-BCF7-EA169D293215}.AppStore|iPhoneSimulator.ActiveCfg = AppStore|iPhoneSimulator
		{995F4BAC-5C26-4767-BCF7-EA169D293215}.AppStore|iPhoneSimulator.Build.0 = AppStore|iPhoneSimulator
		{995F4BAC-5C26-4767-BCF7-EA169D293215}.AppStore|x64.ActiveCfg = AppStore|iPhone
		{995F4BAC-5C26-4767-BCF7-EA169D293215}.AppStore|x86.ActiveCfg = AppStore|iPhone
		{995F4BAC-5C26-4767-BCF7-EA169D293215}.Debug|Any CPU.ActiveCfg = Debug|iPhone
		{995F4BAC-5C26-4767-BCF7-EA169D293215}.Debug|ARM.ActiveCfg = Debug|iPhone
		{995F4BAC-5C26-4767-BCF7-EA169D293215}.Debug|iPhone.ActiveCfg = Debug|iPhone
		{995F4BAC-5C26-4767-BCF7-EA169D293215}.Debug|iPhone.Build.0 = Debug|iPhone
		{995F4BAC-5C26-4767-BCF7-EA169D293215}.Debug|iPhoneSimulator.ActiveCfg = Debug|iPhoneSimulator
		{995F4BAC-5C26-4767-BCF7-EA169D293215}.Debug|iPhoneSimulator.Build.0 = Debug|iPhoneSimulator
		{995F4BAC-5C26-4767-BCF7-EA169D293215}.Debug|x64.ActiveCfg = Debug|iPhone
		{995F4BAC-5C26-4767-BCF7-EA169D293215}.Debug|x86.ActiveCfg = Debug|iPhone
		{995F4BAC-5C26-4767-BCF7-EA169D293215}.Release|Any CPU.ActiveCfg = Release|iPhone
		{995F4BAC-5C26-4767-BCF7-EA169D293215}.Release|ARM.ActiveCfg = Release|iPhone
		{995F4BAC-5C26-4767-BCF7-EA169D293215}.Release|iPhone.ActiveCfg = Release|iPhone
		{995F4BAC-5C26-4767-BCF7-EA169D293215}.Release|iPhone.Build.0 = Release|iPhone
		{995F4BAC-5C26-4767-BCF7-EA169D293215}.Release|iPhoneSimulator.ActiveCfg = Release|iPhoneSimulator
		{995F4BAC-5C26-4767-BCF7-EA169D293215}.Release|iPhoneSimulator.Build.0 = Release|iPhoneSimulator
		{995F4BAC-5C26-4767-BCF7-EA169D293215}.Release|x64.ActiveCfg = Release|iPhone
		{995F4BAC-5C26-4767-BCF7-EA169D293215}.Release|x86.ActiveCfg = Release|iPhone
		{4A9F9054-D7E9-4349-BEE2-50CA29EEF3EB}.Ad-Hoc|Any CPU.ActiveCfg = Release|Any CPU
		{4A9F9054-D7E9-4349-BEE2-50CA29EEF3EB}.Ad-Hoc|Any CPU.Build.0 = Release|Any CPU
		{4A9F9054-D7E9-4349-BEE2-50CA29EEF3EB}.Ad-Hoc|ARM.ActiveCfg = Release|ARM
		{4A9F9054-D7E9-4349-BEE2-50CA29EEF3EB}.Ad-Hoc|ARM.Build.0 = Release|ARM
		{4A9F9054-D7E9-4349-BEE2-50CA29EEF3EB}.Ad-Hoc|iPhone.ActiveCfg = Release|Any CPU
		{4A9F9054-D7E9-4349-BEE2-50CA29EEF3EB}.Ad-Hoc|iPhone.Build.0 = Release|Any CPU
		{4A9F9054-D7E9-4349-BEE2-50CA29EEF3EB}.Ad-Hoc|iPhoneSimulator.ActiveCfg = Release|Any CPU
		{4A9F9054-D7E9-4349-BEE2-50CA29EEF3EB}.Ad-Hoc|iPhoneSimulator.Build.0 = Release|Any CPU
		{4A9F9054-D7E9-4349-BEE2-50CA29EEF3EB}.Ad-Hoc|x64.ActiveCfg = Release|x64
		{4A9F9054-D7E9-4349-BEE2-50CA29EEF3EB}.Ad-Hoc|x64.Build.0 = Release|x64
		{4A9F9054-D7E9-4349-BEE2-50CA29EEF3EB}.Ad-Hoc|x86.ActiveCfg = Release|x86
		{4A9F9054-D7E9-4349-BEE2-50CA29EEF3EB}.Ad-Hoc|x86.Build.0 = Release|x86
		{4A9F9054-D7E9-4349-BEE2-50CA29EEF3EB}.AppStore|Any CPU.ActiveCfg = Release|Any CPU
		{4A9F9054-D7E9-4349-BEE2-50CA29EEF3EB}.AppStore|Any CPU.Build.0 = Release|Any CPU
		{4A9F9054-D7E9-4349-BEE2-50CA29EEF3EB}.AppStore|ARM.ActiveCfg = Release|ARM
		{4A9F9054-D7E9-4349-BEE2-50CA29EEF3EB}.AppStore|ARM.Build.0 = Release|ARM
		{4A9F9054-D7E9-4349-BEE2-50CA29EEF3EB}.AppStore|iPhone.ActiveCfg = Release|Any CPU
		{4A9F9054-D7E9-4349-BEE2-50CA29EEF3EB}.AppStore|iPhone.Build.0 = Release|Any CPU
		{4A9F9054-D7E9-4349-BEE2-50CA29EEF3EB}.AppStore|iPhoneSimulator.ActiveCfg = Release|Any CPU
		{4A9F9054-D7E9-4349-BEE2-50CA29EEF3EB}.AppStore|iPhoneSimulator.Build.0 = Release|Any CPU
		{4A9F9054-D7E9-4349-BEE2-50CA29EEF3EB}.AppStore|x64.ActiveCfg = Release|x64
		{4A9F9054-D7E9-4349-BEE2-50CA29EEF3EB}.AppStore|x64.Build.0 = Release|x64
		{4A9F9054-D7E9-4349-BEE2-50CA29EEF3EB}.AppStore|x86.ActiveCfg = Release|x86
		{4A9F9054-D7E9-4349-BEE2-50CA29EEF3EB}.AppStore|x86.Build.0 = Release|x86
		{4A9F9054-D7E9-4349-BEE2-50CA29EEF3EB}.Debug|Any CPU.ActiveCfg = Debug|Any CPU
		{4A9F9054-D7E9-4349-BEE2-50CA29EEF3EB}.Debug|Any CPU.Build.0 = Debug|Any CPU
		{4A9F9054-D7E9-4349-BEE2-50CA29EEF3EB}.Debug|ARM.ActiveCfg = Debug|ARM
		{4A9F9054-D7E9-4349-BEE2-50CA29EEF3EB}.Debug|ARM.Build.0 = Debug|ARM
		{4A9F9054-D7E9-4349-BEE2-50CA29EEF3EB}.Debug|iPhone.ActiveCfg = Debug|Any CPU
		{4A9F9054-D7E9-4349-BEE2-50CA29EEF3EB}.Debug|iPhone.Build.0 = Debug|Any CPU
		{4A9F9054-D7E9-4349-BEE2-50CA29EEF3EB}.Debug|iPhoneSimulator.ActiveCfg = Debug|Any CPU
		{4A9F9054-D7E9-4349-BEE2-50CA29EEF3EB}.Debug|iPhoneSimulator.Build.0 = Debug|Any CPU
		{4A9F9054-D7E9-4349-BEE2-50CA29EEF3EB}.Debug|x64.ActiveCfg = Debug|x64
		{4A9F9054-D7E9-4349-BEE2-50CA29EEF3EB}.Debug|x64.Build.0 = Debug|x64
		{4A9F9054-D7E9-4349-BEE2-50CA29EEF3EB}.Debug|x86.ActiveCfg = Debug|x86
		{4A9F9054-D7E9-4349-BEE2-50CA29EEF3EB}.Debug|x86.Build.0 = Debug|x86
		{4A9F9054-D7E9-4349-BEE2-50CA29EEF3EB}.Release|Any CPU.ActiveCfg = Release|Any CPU
		{4A9F9054-D7E9-4349-BEE2-50CA29EEF3EB}.Release|Any CPU.Build.0 = Release|Any CPU
		{4A9F9054-D7E9-4349-BEE2-50CA29EEF3EB}.Release|ARM.ActiveCfg = Release|ARM
		{4A9F9054-D7E9-4349-BEE2-50CA29EEF3EB}.Release|ARM.Build.0 = Release|ARM
		{4A9F9054-D7E9-4349-BEE2-50CA29EEF3EB}.Release|iPhone.ActiveCfg = Release|Any CPU
		{4A9F9054-D7E9-4349-BEE2-50CA29EEF3EB}.Release|iPhone.Build.0 = Release|Any CPU
		{4A9F9054-D7E9-4349-BEE2-50CA29EEF3EB}.Release|iPhoneSimulator.ActiveCfg = Release|Any CPU
		{4A9F9054-D7E9-4349-BEE2-50CA29EEF3EB}.Release|iPhoneSimulator.Build.0 = Release|Any CPU
		{4A9F9054-D7E9-4349-BEE2-50CA29EEF3EB}.Release|x64.ActiveCfg = Release|x64
		{4A9F9054-D7E9-4349-BEE2-50CA29EEF3EB}.Release|x64.Build.0 = Release|x64
		{4A9F9054-D7E9-4349-BEE2-50CA29EEF3EB}.Release|x86.ActiveCfg = Release|x86
		{4A9F9054-D7E9-4349-BEE2-50CA29EEF3EB}.Release|x86.Build.0 = Release|x86
		{4DD2B816-022E-4B0E-9DA6-34A731EA77FF}.Ad-Hoc|Any CPU.ActiveCfg = Release|Any CPU
		{4DD2B816-022E-4B0E-9DA6-34A731EA77FF}.Ad-Hoc|Any CPU.Build.0 = Release|Any CPU
		{4DD2B816-022E-4B0E-9DA6-34A731EA77FF}.Ad-Hoc|ARM.ActiveCfg = Release|Any CPU
		{4DD2B816-022E-4B0E-9DA6-34A731EA77FF}.Ad-Hoc|ARM.Build.0 = Release|Any CPU
		{4DD2B816-022E-4B0E-9DA6-34A731EA77FF}.Ad-Hoc|iPhone.ActiveCfg = Release|Any CPU
		{4DD2B816-022E-4B0E-9DA6-34A731EA77FF}.Ad-Hoc|iPhone.Build.0 = Release|Any CPU
		{4DD2B816-022E-4B0E-9DA6-34A731EA77FF}.Ad-Hoc|iPhoneSimulator.ActiveCfg = Release|Any CPU
		{4DD2B816-022E-4B0E-9DA6-34A731EA77FF}.Ad-Hoc|iPhoneSimulator.Build.0 = Release|Any CPU
		{4DD2B816-022E-4B0E-9DA6-34A731EA77FF}.Ad-Hoc|x64.ActiveCfg = Release|Any CPU
		{4DD2B816-022E-4B0E-9DA6-34A731EA77FF}.Ad-Hoc|x64.Build.0 = Release|Any CPU
		{4DD2B816-022E-4B0E-9DA6-34A731EA77FF}.Ad-Hoc|x86.ActiveCfg = Release|Any CPU
		{4DD2B816-022E-4B0E-9DA6-34A731EA77FF}.Ad-Hoc|x86.Build.0 = Release|Any CPU
		{4DD2B816-022E-4B0E-9DA6-34A731EA77FF}.AppStore|Any CPU.ActiveCfg = Release|Any CPU
		{4DD2B816-022E-4B0E-9DA6-34A731EA77FF}.AppStore|Any CPU.Build.0 = Release|Any CPU
		{4DD2B816-022E-4B0E-9DA6-34A731EA77FF}.AppStore|ARM.ActiveCfg = Release|Any CPU
		{4DD2B816-022E-4B0E-9DA6-34A731EA77FF}.AppStore|ARM.Build.0 = Release|Any CPU
		{4DD2B816-022E-4B0E-9DA6-34A731EA77FF}.AppStore|iPhone.ActiveCfg = Release|Any CPU
		{4DD2B816-022E-4B0E-9DA6-34A731EA77FF}.AppStore|iPhone.Build.0 = Release|Any CPU
		{4DD2B816-022E-4B0E-9DA6-34A731EA77FF}.AppStore|iPhoneSimulator.ActiveCfg = Release|Any CPU
		{4DD2B816-022E-4B0E-9DA6-34A731EA77FF}.AppStore|iPhoneSimulator.Build.0 = Release|Any CPU
		{4DD2B816-022E-4B0E-9DA6-34A731EA77FF}.AppStore|x64.ActiveCfg = Release|Any CPU
		{4DD2B816-022E-4B0E-9DA6-34A731EA77FF}.AppStore|x64.Build.0 = Release|Any CPU
		{4DD2B816-022E-4B0E-9DA6-34A731EA77FF}.AppStore|x86.ActiveCfg = Release|Any CPU
		{4DD2B816-022E-4B0E-9DA6-34A731EA77FF}.AppStore|x86.Build.0 = Release|Any CPU
		{4DD2B816-022E-4B0E-9DA6-34A731EA77FF}.Debug|Any CPU.ActiveCfg = Debug|Any CPU
		{4DD2B816-022E-4B0E-9DA6-34A731EA77FF}.Debug|Any CPU.Build.0 = Debug|Any CPU
		{4DD2B816-022E-4B0E-9DA6-34A731EA77FF}.Debug|ARM.ActiveCfg = Debug|Any CPU
		{4DD2B816-022E-4B0E-9DA6-34A731EA77FF}.Debug|ARM.Build.0 = Debug|Any CPU
		{4DD2B816-022E-4B0E-9DA6-34A731EA77FF}.Debug|iPhone.ActiveCfg = Debug|Any CPU
		{4DD2B816-022E-4B0E-9DA6-34A731EA77FF}.Debug|iPhone.Build.0 = Debug|Any CPU
		{4DD2B816-022E-4B0E-9DA6-34A731EA77FF}.Debug|iPhoneSimulator.ActiveCfg = Debug|Any CPU
		{4DD2B816-022E-4B0E-9DA6-34A731EA77FF}.Debug|iPhoneSimulator.Build.0 = Debug|Any CPU
		{4DD2B816-022E-4B0E-9DA6-34A731EA77FF}.Debug|x64.ActiveCfg = Debug|Any CPU
		{4DD2B816-022E-4B0E-9DA6-34A731EA77FF}.Debug|x64.Build.0 = Debug|Any CPU
		{4DD2B816-022E-4B0E-9DA6-34A731EA77FF}.Debug|x86.ActiveCfg = Debug|Any CPU
		{4DD2B816-022E-4B0E-9DA6-34A731EA77FF}.Debug|x86.Build.0 = Debug|Any CPU
		{4DD2B816-022E-4B0E-9DA6-34A731EA77FF}.Release|Any CPU.ActiveCfg = Release|Any CPU
		{4DD2B816-022E-4B0E-9DA6-34A731EA77FF}.Release|Any CPU.Build.0 = Release|Any CPU
		{4DD2B816-022E-4B0E-9DA6-34A731EA77FF}.Release|ARM.ActiveCfg = Release|Any CPU
		{4DD2B816-022E-4B0E-9DA6-34A731EA77FF}.Release|ARM.Build.0 = Release|Any CPU
		{4DD2B816-022E-4B0E-9DA6-34A731EA77FF}.Release|iPhone.ActiveCfg = Release|Any CPU
		{4DD2B816-022E-4B0E-9DA6-34A731EA77FF}.Release|iPhone.Build.0 = Release|Any CPU
		{4DD2B816-022E-4B0E-9DA6-34A731EA77FF}.Release|iPhoneSimulator.ActiveCfg = Release|Any CPU
		{4DD2B816-022E-4B0E-9DA6-34A731EA77FF}.Release|iPhoneSimulator.Build.0 = Release|Any CPU
		{4DD2B816-022E-4B0E-9DA6-34A731EA77FF}.Release|x64.ActiveCfg = Release|Any CPU
		{4DD2B816-022E-4B0E-9DA6-34A731EA77FF}.Release|x64.Build.0 = Release|Any CPU
		{4DD2B816-022E-4B0E-9DA6-34A731EA77FF}.Release|x86.ActiveCfg = Release|Any CPU
		{4DD2B816-022E-4B0E-9DA6-34A731EA77FF}.Release|x86.Build.0 = Release|Any CPU
		{8B6E613B-FB33-4B7C-AC28-7E4385E6BF64}.Ad-Hoc|Any CPU.ActiveCfg = Release|Any CPU
		{8B6E613B-FB33-4B7C-AC28-7E4385E6BF64}.Ad-Hoc|Any CPU.Build.0 = Release|Any CPU
		{8B6E613B-FB33-4B7C-AC28-7E4385E6BF64}.Ad-Hoc|ARM.ActiveCfg = Release|Any CPU
		{8B6E613B-FB33-4B7C-AC28-7E4385E6BF64}.Ad-Hoc|ARM.Build.0 = Release|Any CPU
		{8B6E613B-FB33-4B7C-AC28-7E4385E6BF64}.Ad-Hoc|iPhone.ActiveCfg = Release|Any CPU
		{8B6E613B-FB33-4B7C-AC28-7E4385E6BF64}.Ad-Hoc|iPhone.Build.0 = Release|Any CPU
		{8B6E613B-FB33-4B7C-AC28-7E4385E6BF64}.Ad-Hoc|iPhoneSimulator.ActiveCfg = Release|Any CPU
		{8B6E613B-FB33-4B7C-AC28-7E4385E6BF64}.Ad-Hoc|iPhoneSimulator.Build.0 = Release|Any CPU
		{8B6E613B-FB33-4B7C-AC28-7E4385E6BF64}.Ad-Hoc|x64.ActiveCfg = Release|Any CPU
		{8B6E613B-FB33-4B7C-AC28-7E4385E6BF64}.Ad-Hoc|x64.Build.0 = Release|Any CPU
		{8B6E613B-FB33-4B7C-AC28-7E4385E6BF64}.Ad-Hoc|x86.ActiveCfg = Release|Any CPU
		{8B6E613B-FB33-4B7C-AC28-7E4385E6BF64}.Ad-Hoc|x86.Build.0 = Release|Any CPU
		{8B6E613B-FB33-4B7C-AC28-7E4385E6BF64}.AppStore|Any CPU.ActiveCfg = Release|Any CPU
		{8B6E613B-FB33-4B7C-AC28-7E4385E6BF64}.AppStore|Any CPU.Build.0 = Release|Any CPU
		{8B6E613B-FB33-4B7C-AC28-7E4385E6BF64}.AppStore|ARM.ActiveCfg = Release|Any CPU
		{8B6E613B-FB33-4B7C-AC28-7E4385E6BF64}.AppStore|ARM.Build.0 = Release|Any CPU
		{8B6E613B-FB33-4B7C-AC28-7E4385E6BF64}.AppStore|iPhone.ActiveCfg = Release|Any CPU
		{8B6E613B-FB33-4B7C-AC28-7E4385E6BF64}.AppStore|iPhone.Build.0 = Release|Any CPU
		{8B6E613B-FB33-4B7C-AC28-7E4385E6BF64}.AppStore|iPhoneSimulator.ActiveCfg = Release|Any CPU
		{8B6E613B-FB33-4B7C-AC28-7E4385E6BF64}.AppStore|iPhoneSimulator.Build.0 = Release|Any CPU
		{8B6E613B-FB33-4B7C-AC28-7E4385E6BF64}.AppStore|x64.ActiveCfg = Release|Any CPU
		{8B6E613B-FB33-4B7C-AC28-7E4385E6BF64}.AppStore|x64.Build.0 = Release|Any CPU
		{8B6E613B-FB33-4B7C-AC28-7E4385E6BF64}.AppStore|x86.ActiveCfg = Release|Any CPU
		{8B6E613B-FB33-4B7C-AC28-7E4385E6BF64}.AppStore|x86.Build.0 = Release|Any CPU
		{8B6E613B-FB33-4B7C-AC28-7E4385E6BF64}.Debug|Any CPU.ActiveCfg = Debug|Any CPU
		{8B6E613B-FB33-4B7C-AC28-7E4385E6BF64}.Debug|Any CPU.Build.0 = Debug|Any CPU
		{8B6E613B-FB33-4B7C-AC28-7E4385E6BF64}.Debug|ARM.ActiveCfg = Debug|Any CPU
		{8B6E613B-FB33-4B7C-AC28-7E4385E6BF64}.Debug|ARM.Build.0 = Debug|Any CPU
		{8B6E613B-FB33-4B7C-AC28-7E4385E6BF64}.Debug|iPhone.ActiveCfg = Debug|Any CPU
		{8B6E613B-FB33-4B7C-AC28-7E4385E6BF64}.Debug|iPhone.Build.0 = Debug|Any CPU
		{8B6E613B-FB33-4B7C-AC28-7E4385E6BF64}.Debug|iPhoneSimulator.ActiveCfg = Debug|Any CPU
		{8B6E613B-FB33-4B7C-AC28-7E4385E6BF64}.Debug|iPhoneSimulator.Build.0 = Debug|Any CPU
		{8B6E613B-FB33-4B7C-AC28-7E4385E6BF64}.Debug|x64.ActiveCfg = Debug|Any CPU
		{8B6E613B-FB33-4B7C-AC28-7E4385E6BF64}.Debug|x64.Build.0 = Debug|Any CPU
		{8B6E613B-FB33-4B7C-AC28-7E4385E6BF64}.Debug|x86.ActiveCfg = Debug|Any CPU
		{8B6E613B-FB33-4B7C-AC28-7E4385E6BF64}.Debug|x86.Build.0 = Debug|Any CPU
		{8B6E613B-FB33-4B7C-AC28-7E4385E6BF64}.Release|Any CPU.ActiveCfg = Release|Any CPU
		{8B6E613B-FB33-4B7C-AC28-7E4385E6BF64}.Release|Any CPU.Build.0 = Release|Any CPU
		{8B6E613B-FB33-4B7C-AC28-7E4385E6BF64}.Release|ARM.ActiveCfg = Release|Any CPU
		{8B6E613B-FB33-4B7C-AC28-7E4385E6BF64}.Release|ARM.Build.0 = Release|Any CPU
		{8B6E613B-FB33-4B7C-AC28-7E4385E6BF64}.Release|iPhone.ActiveCfg = Release|Any CPU
		{8B6E613B-FB33-4B7C-AC28-7E4385E6BF64}.Release|iPhone.Build.0 = Release|Any CPU
		{8B6E613B-FB33-4B7C-AC28-7E4385E6BF64}.Release|iPhoneSimulator.ActiveCfg = Release|Any CPU
		{8B6E613B-FB33-4B7C-AC28-7E4385E6BF64}.Release|iPhoneSimulator.Build.0 = Release|Any CPU
		{8B6E613B-FB33-4B7C-AC28-7E4385E6BF64}.Release|x64.ActiveCfg = Release|Any CPU
		{8B6E613B-FB33-4B7C-AC28-7E4385E6BF64}.Release|x64.Build.0 = Release|Any CPU
		{8B6E613B-FB33-4B7C-AC28-7E4385E6BF64}.Release|x86.ActiveCfg = Release|Any CPU
		{8B6E613B-FB33-4B7C-AC28-7E4385E6BF64}.Release|x86.Build.0 = Release|Any CPU
		{82FCB3F6-0098-4F41-8E1A-0BF209CCCC5F}.Ad-Hoc|Any CPU.ActiveCfg = Release|Any CPU
		{82FCB3F6-0098-4F41-8E1A-0BF209CCCC5F}.Ad-Hoc|Any CPU.Build.0 = Release|Any CPU
		{82FCB3F6-0098-4F41-8E1A-0BF209CCCC5F}.Ad-Hoc|ARM.ActiveCfg = Release|Any CPU
		{82FCB3F6-0098-4F41-8E1A-0BF209CCCC5F}.Ad-Hoc|ARM.Build.0 = Release|Any CPU
		{82FCB3F6-0098-4F41-8E1A-0BF209CCCC5F}.Ad-Hoc|iPhone.ActiveCfg = Release|Any CPU
		{82FCB3F6-0098-4F41-8E1A-0BF209CCCC5F}.Ad-Hoc|iPhone.Build.0 = Release|Any CPU
		{82FCB3F6-0098-4F41-8E1A-0BF209CCCC5F}.Ad-Hoc|iPhoneSimulator.ActiveCfg = Release|Any CPU
		{82FCB3F6-0098-4F41-8E1A-0BF209CCCC5F}.Ad-Hoc|iPhoneSimulator.Build.0 = Release|Any CPU
		{82FCB3F6-0098-4F41-8E1A-0BF209CCCC5F}.Ad-Hoc|x64.ActiveCfg = Release|Any CPU
		{82FCB3F6-0098-4F41-8E1A-0BF209CCCC5F}.Ad-Hoc|x64.Build.0 = Release|Any CPU
		{82FCB3F6-0098-4F41-8E1A-0BF209CCCC5F}.Ad-Hoc|x86.ActiveCfg = Release|Any CPU
		{82FCB3F6-0098-4F41-8E1A-0BF209CCCC5F}.Ad-Hoc|x86.Build.0 = Release|Any CPU
		{82FCB3F6-0098-4F41-8E1A-0BF209CCCC5F}.AppStore|Any CPU.ActiveCfg = Release|Any CPU
		{82FCB3F6-0098-4F41-8E1A-0BF209CCCC5F}.AppStore|Any CPU.Build.0 = Release|Any CPU
		{82FCB3F6-0098-4F41-8E1A-0BF209CCCC5F}.AppStore|ARM.ActiveCfg = Release|Any CPU
		{82FCB3F6-0098-4F41-8E1A-0BF209CCCC5F}.AppStore|ARM.Build.0 = Release|Any CPU
		{82FCB3F6-0098-4F41-8E1A-0BF209CCCC5F}.AppStore|iPhone.ActiveCfg = Release|Any CPU
		{82FCB3F6-0098-4F41-8E1A-0BF209CCCC5F}.AppStore|iPhone.Build.0 = Release|Any CPU
		{82FCB3F6-0098-4F41-8E1A-0BF209CCCC5F}.AppStore|iPhoneSimulator.ActiveCfg = Release|Any CPU
		{82FCB3F6-0098-4F41-8E1A-0BF209CCCC5F}.AppStore|iPhoneSimulator.Build.0 = Release|Any CPU
		{82FCB3F6-0098-4F41-8E1A-0BF209CCCC5F}.AppStore|x64.ActiveCfg = Release|Any CPU
		{82FCB3F6-0098-4F41-8E1A-0BF209CCCC5F}.AppStore|x64.Build.0 = Release|Any CPU
		{82FCB3F6-0098-4F41-8E1A-0BF209CCCC5F}.AppStore|x86.ActiveCfg = Release|Any CPU
		{82FCB3F6-0098-4F41-8E1A-0BF209CCCC5F}.AppStore|x86.Build.0 = Release|Any CPU
		{82FCB3F6-0098-4F41-8E1A-0BF209CCCC5F}.Debug|Any CPU.ActiveCfg = Debug|Any CPU
		{82FCB3F6-0098-4F41-8E1A-0BF209CCCC5F}.Debug|Any CPU.Build.0 = Debug|Any CPU
		{82FCB3F6-0098-4F41-8E1A-0BF209CCCC5F}.Debug|ARM.ActiveCfg = Debug|Any CPU
		{82FCB3F6-0098-4F41-8E1A-0BF209CCCC5F}.Debug|ARM.Build.0 = Debug|Any CPU
		{82FCB3F6-0098-4F41-8E1A-0BF209CCCC5F}.Debug|iPhone.ActiveCfg = Debug|Any CPU
		{82FCB3F6-0098-4F41-8E1A-0BF209CCCC5F}.Debug|iPhone.Build.0 = Debug|Any CPU
		{82FCB3F6-0098-4F41-8E1A-0BF209CCCC5F}.Debug|iPhoneSimulator.ActiveCfg = Debug|Any CPU
		{82FCB3F6-0098-4F41-8E1A-0BF209CCCC5F}.Debug|iPhoneSimulator.Build.0 = Debug|Any CPU
		{82FCB3F6-0098-4F41-8E1A-0BF209CCCC5F}.Debug|x64.ActiveCfg = Debug|Any CPU
		{82FCB3F6-0098-4F41-8E1A-0BF209CCCC5F}.Debug|x64.Build.0 = Debug|Any CPU
		{82FCB3F6-0098-4F41-8E1A-0BF209CCCC5F}.Debug|x86.ActiveCfg = Debug|Any CPU
		{82FCB3F6-0098-4F41-8E1A-0BF209CCCC5F}.Debug|x86.Build.0 = Debug|Any CPU
		{82FCB3F6-0098-4F41-8E1A-0BF209CCCC5F}.Release|Any CPU.ActiveCfg = Release|Any CPU
		{82FCB3F6-0098-4F41-8E1A-0BF209CCCC5F}.Release|Any CPU.Build.0 = Release|Any CPU
		{82FCB3F6-0098-4F41-8E1A-0BF209CCCC5F}.Release|ARM.ActiveCfg = Release|Any CPU
		{82FCB3F6-0098-4F41-8E1A-0BF209CCCC5F}.Release|ARM.Build.0 = Release|Any CPU
		{82FCB3F6-0098-4F41-8E1A-0BF209CCCC5F}.Release|iPhone.ActiveCfg = Release|Any CPU
		{82FCB3F6-0098-4F41-8E1A-0BF209CCCC5F}.Release|iPhone.Build.0 = Release|Any CPU
		{82FCB3F6-0098-4F41-8E1A-0BF209CCCC5F}.Release|iPhoneSimulator.ActiveCfg = Release|Any CPU
		{82FCB3F6-0098-4F41-8E1A-0BF209CCCC5F}.Release|iPhoneSimulator.Build.0 = Release|Any CPU
		{82FCB3F6-0098-4F41-8E1A-0BF209CCCC5F}.Release|x64.ActiveCfg = Release|Any CPU
		{82FCB3F6-0098-4F41-8E1A-0BF209CCCC5F}.Release|x64.Build.0 = Release|Any CPU
		{82FCB3F6-0098-4F41-8E1A-0BF209CCCC5F}.Release|x86.ActiveCfg = Release|Any CPU
		{82FCB3F6-0098-4F41-8E1A-0BF209CCCC5F}.Release|x86.Build.0 = Release|Any CPU
	EndGlobalSection
	GlobalSection(SolutionProperties) = preSolution
		HideSolutionNode = FALSE
	EndGlobalSection
EndGlobal
